{
  "object": {
    "pins": [
      {
        "package": "Kanna",
        "repositoryURL": "https://github.com/tid-kijyun/Kanna.git",
        "state": {
          "branch": null,
          "revision": "aec73a69619cf9bb540002a17793fb54633f372d",
          "version": "4.0.2"
        }
      },
      {
        "package": "MiniNe",
        "repositoryURL": "https://github.com/kevcodex/MiniNe",
        "state": {
          "branch": null,
          "revision": "b8452e628c7b06db9e881a6e764ca4bb5fa78f95",
          "version": "1.1.0"
        }
      },
      {
        "package": "ScriptHelpers",
        "repositoryURL": "https://github.com/kevcodex/ScriptHelpers",
        "state": {
          "branch": null,
          "revision": "7ba25f2eda17bbbb11201602ad81dd2ddf0e700d",
          "version": "1.2.0"
        }
      },
      {
        "package": "SwiftClibxml2",
        "repositoryURL": "https://github.com/tid-kijyun/SwiftClibxml2.git",
        "state": {
          "branch": null,
          "revision": "c4e67cc970273fc2bee978d12e422974ff184de7",
          "version": "1.0.2"
        }
      }
    ]
  },
  "version": 1
}
